# THIS IS AN AUTOGENERATED FILE. DO NOT EDIT THIS FILE DIRECTLY.
# yarn lockfile v1


"@rails/actiontext@^6.0.0-rc1":
  version "6.0.0-rc1"
  resolved "https://registry.yarnpkg.com/@rails/actiontext/-/actiontext-6.0.0-rc1.tgz#fe2e467076664b31479b6abc847695b310dcedac"
  integrity sha512-1QoBeRmBTxBEO4BYYGDAin6yauh5S9SN5FKpZR+K0Hl0QZJodABJa51HoKn+odSHYpJxuEUPHtRWaU8j57ZB1w==
  dependencies:
    "@rails/activestorage" "^6.0.0-alpha"

"@rails/activestorage@^6.0.0-alpha":
  version "6.0.0-alpha"
  resolved "https://registry.yarnpkg.com/@rails/activestorage/-/activestorage-6.0.0-alpha.tgz#6eb6c0f49bcaa4ad68fcd13a750b9a17f76f086f"
  integrity sha512-ZQneYyDWrazLFZgyfZ3G4h9Q+TxvSQE5BEenBhvusyAeYMVaYxrZU/PWFcbeyiQe5xz1SeN3g/UejU3ytCYJwQ==
  dependencies:
    spark-md5 "^3.0.0"

spark-md5@^3.0.0:
  version "3.0.0"
  resolved "https://registry.yarnpkg.com/spark-md5/-/spark-md5-3.0.0.tgz#3722227c54e2faf24b1dc6d933cc144e6f71bfef"
  integrity sha1-NyIifFTi+vJLHcbZM8wUTm9xv+8=

trix@^1.0.0:
  version "1.1.1"
  resolved "https://registry.yarnpkg.com/trix/-/trix-1.1.1.tgz#ca8a3fab4d23d960a17e88441d601cb22a86f5d5"
  integrity sha512-dNHTcryRK0EmwCyJDOBrG6OznL8HNEVVlecq/xzxLj3M9Eht5DV4yl+eCYX8RKyfrtBcNki+mpKIxESgXaGGZA==
